
Microsoft Visual Studio Solution File, Format Version 12.00
# Visual Studio 15
Project("{FAE04EC0-301F-11D3-BF4B-00C04F79EFBC}") = "Assembly-CSharp", "Assembly-CSharp.csproj", "{33672D10-22DD-11C0-5C6C-A4DF7BC24660}"
EndProject
Project("{FAE04EC0-301F-11D3-BF4B-00C04F79EFBC}") = "Assembly-CSharp-Editor", "Assembly-CSharp-Editor.csproj", "{19D6D6E0-1A68-FC41-E970-B5AACA023DBD}"
EndProject
Global
	GlobalSection(SolutionConfigurationPlatforms) = preSolution
		Debug|Any CPU = Debug|Any CPU
		Release|Any CPU = Release|Any CPU
	EndGlobalSection
	GlobalSection(ProjectConfigurationPlatforms) = postSolution
		{33672D10-22DD-11C0-5C6C-A4DF7BC24660}.Debug|Any CPU.ActiveCfg = Debug|Any CPU
		{33672D10-22DD-11C0-5C6C-A4DF7BC24660}.Debug|Any CPU.Build.0 = Debug|Any CPU
		{33672D10-22DD-11C0-5C6C-A4DF7BC24660}.Release|Any CPU.ActiveCfg = Release|Any CPU
		{33672D10-22DD-11C0-5C6C-A4DF7BC24660}.Release|Any CPU.Build.0 = Release|Any CPU
		{19D6D6E0-1A68-FC41-E970-B5AACA023DBD}.Debug|Any CPU.ActiveCfg = Debug|Any CPU
		{19D6D6E0-1A68-FC41-E970-B5AACA023DBD}.Debug|Any CPU.Build.0 = Debug|Any CPU
		{19D6D6E0-1A68-FC41-E970-B5AACA023DBD}.Release|Any CPU.ActiveCfg = Release|Any CPU
		{19D6D6E0-1A68-FC41-E970-B5AACA023DBD}.Release|Any CPU.Build.0 = Release|Any CPU
	EndGlobalSection
	GlobalSection(SolutionProperties) = preSolution
		HideSolutionNode = FALSE
	EndGlobalSection
EndGlobal
